// !$*UTF8*$!
{
	archiveVersion = 1;
	classes = {
	};
	objectVersion = 48;
	objects = {

/* Begin PBXBuildFile section */
		58784B3F2280315600D7B9A8 /* main.cpp in Sources */ = {isa = PBXBuildFile; fileRef = 58784B3E2280315600D7B9A8 /* main.cpp */; };
		58A69E3A2307071F00E8D96C /* FDString.cpp in Sources */ = {isa = PBXBuildFile; fileRef = 58A69E372307071E00E8D96C /* FDString.cpp */; };
		58A69E3B2307071F00E8D96C /* FDPlate.cpp in Sources */ = {isa = PBXBuildFile; fileRef = 58A69E392307071E00E8D96C /* FDPlate.cpp */; };
		58A69E5423070B3E00E8D96C /* WavCodec.cpp in Sources */ = {isa = PBXBuildFile; fileRef = 58A69E5323070B3E00E8D96C /* WavCodec.cpp */; };
		58A69E5623070B5B00E8D96C /* AudioPlayerOpenAL.cpp in Sources */ = {isa = PBXBuildFile; fileRef = 58A69E5523070B5B00E8D96C /* AudioPlayerOpenAL.cpp */; };
		58A69E5923070B7B00E8D96C /* OpenAL.framework in Frameworks */ = {isa = PBXBuildFile; fileRef = 58A69E5823070B7B00E8D96C /* OpenAL.framework */; };
/* End PBXBuildFile section */

/* Begin PBXCopyFilesBuildPhase section */
		58784B392280315500D7B9A8 /* CopyFiles */ = {
			isa = PBXCopyFilesBuildPhase;
			buildActionMask = 2147483647;
			dstPath = /usr/share/man/man1/;
			dstSubfolderSpec = 0;
			files = (
			);
			runOnlyForDeploymentPostprocessing = 1;
		};
/* End PBXCopyFilesBuildPhase section */

/* Begin PBXFileReference section */
		58784B3B2280315600D7B9A8 /* FD-Class-Example */ = {isa = PBXFileReference; explicitFileType = "compiled.mach-o.executable"; includeInIndex = 0; path = "FD-Class-Example"; sourceTree = BUILT_PRODUCTS_DIR; };
		58784B3E2280315600D7B9A8 /* main.cpp */ = {isa = PBXFileReference; lastKnownFileType = sourcecode.cpp.cpp; path = main.cpp; sourceTree = "<group>"; };
		58A69E362307071E00E8D96C /* FDPlate.hpp */ = {isa = PBXFileReference; fileEncoding = 4; lastKnownFileType = sourcecode.cpp.h; path = FDPlate.hpp; sourceTree = "<group>"; };
		58A69E372307071E00E8D96C /* FDString.cpp */ = {isa = PBXFileReference; fileEncoding = 4; lastKnownFileType = sourcecode.cpp.cpp; path = FDString.cpp; sourceTree = "<group>"; };
		58A69E382307071E00E8D96C /* FDString.hpp */ = {isa = PBXFileReference; fileEncoding = 4; lastKnownFileType = sourcecode.cpp.h; path = FDString.hpp; sourceTree = "<group>"; };
		58A69E392307071E00E8D96C /* FDPlate.cpp */ = {isa = PBXFileReference; fileEncoding = 4; lastKnownFileType = sourcecode.cpp.cpp; path = FDPlate.cpp; sourceTree = "<group>"; };
		58A69E5323070B3E00E8D96C /* WavCodec.cpp */ = {isa = PBXFileReference; lastKnownFileType = sourcecode.cpp.cpp; name = WavCodec.cpp; path = "../cpp-cli-audio-tools/src/WavCodec.cpp"; sourceTree = "<group>"; };
		58A69E5523070B5B00E8D96C /* AudioPlayerOpenAL.cpp */ = {isa = PBXFileReference; lastKnownFileType = sourcecode.cpp.cpp; name = AudioPlayerOpenAL.cpp; path = "../cpp-cli-audio-tools/src/AudioPlayerOpenAL.cpp"; sourceTree = "<group>"; };
		58A69E5823070B7B00E8D96C /* OpenAL.framework */ = {isa = PBXFileReference; lastKnownFileType = wrapper.framework; name = OpenAL.framework; path = System/Library/Frameworks/OpenAL.framework; sourceTree = SDKROOT; };
/* End PBXFileReference section */

/* Begin PBXFrameworksBuildPhase section */
		58784B382280315500D7B9A8 /* Frameworks */ = {
			isa = PBXFrameworksBuildPhase;
			buildActionMask = 2147483647;
			files = (
				58A69E5923070B7B00E8D96C /* OpenAL.framework in Frameworks */,
			);
			runOnlyForDeploymentPostprocessing = 0;
		};
/* End PBXFrameworksBuildPhase section */

/* Begin PBXGroup section */
		58784B322280315500D7B9A8 = {
			isa = PBXGroup;
			children = (
				58A69E5523070B5B00E8D96C /* AudioPlayerOpenAL.cpp */,
				58A69E5323070B3E00E8D96C /* WavCodec.cpp */,
				58A69E352307071E00E8D96C /* FDTDClasses */,
				58784B3D2280315600D7B9A8 /* FD-Class-Example */,
				58784B3C2280315600D7B9A8 /* Products */,
				58A69E5723070B7B00E8D96C /* Frameworks */,
			);
			sourceTree = "<group>";
		};
		58784B3C2280315600D7B9A8 /* Products */ = {
			isa = PBXGroup;
			children = (
				58784B3B2280315600D7B9A8 /* FD-Class-Example */,
			);
			name = Products;
			sourceTree = "<group>";
		};
		58784B3D2280315600D7B9A8 /* FD-Class-Example */ = {
			isa = PBXGroup;
			children = (
				58784B3E2280315600D7B9A8 /* main.cpp */,
			);
			path = "FD-Class-Example";
			sourceTree = "<group>";
		};
		58A69E352307071E00E8D96C /* FDTDClasses */ = {
			isa = PBXGroup;
			children = (
				58A69E362307071E00E8D96C /* FDPlate.hpp */,
				58A69E392307071E00E8D96C /* FDPlate.cpp */,
				58A69E372307071E00E8D96C /* FDString.cpp */,
				58A69E382307071E00E8D96C /* FDString.hpp */,
			);
			name = FDTDClasses;
			path = ../FDTDClasses;
			sourceTree = "<group>";
		};
		58A69E5723070B7B00E8D96C /* Frameworks */ = {
			isa = PBXGroup;
			children = (
				58A69E5823070B7B00E8D96C /* OpenAL.framework */,
			);
			name = Frameworks;
			sourceTree = "<group>";
		};
/* End PBXGroup section */

/* Begin PBXNativeTarget section */
		58784B3A2280315500D7B9A8 /* FD-Class-Example */ = {
			isa = PBXNativeTarget;
			buildConfigurationList = 58784B422280315600D7B9A8 /* Build configuration list for PBXNativeTarget "FD-Class-Example" */;
			buildPhases = (
				58784B372280315500D7B9A8 /* Sources */,
				58784B382280315500D7B9A8 /* Frameworks */,
				58784B392280315500D7B9A8 /* CopyFiles */,
			);
			buildRules = (
			);
			dependencies = (
			);
			name = "FD-Class-Example";
			productName = "FD-Class-Example";
			productReference = 58784B3B2280315600D7B9A8 /* FD-Class-Example */;
			productType = "com.apple.product-type.tool";
		};
/* End PBXNativeTarget section */

/* Begin PBXProject section */
		58784B332280315500D7B9A8 /* Project object */ = {
			isa = PBXProject;
			attributes = {
				LastUpgradeCheck = 0920;
				ORGANIZATIONNAME = mhamilt7;
				TargetAttributes = {
					58784B3A2280315500D7B9A8 = {
						CreatedOnToolsVersion = 9.2;
						ProvisioningStyle = Automatic;
					};
				};
			};
			buildConfigurationList = 58784B362280315500D7B9A8 /* Build configuration list for PBXProject "FD-Class-Example" */;
			compatibilityVersion = "Xcode 8.0";
			developmentRegion = en;
			hasScannedForEncodings = 0;
			knownRegions = (
				en,
			);
			mainGroup = 58784B322280315500D7B9A8;
			productRefGroup = 58784B3C2280315600D7B9A8 /* Products */;
			projectDirPath = "";
			projectRoot = "";
			targets = (
				58784B3A2280315500D7B9A8 /* FD-Class-Example */,
			);
		};
/* End PBXProject section */

/* Begin PBXSourcesBuildPhase section */
		58784B372280315500D7B9A8 /* Sources */ = {
			isa = PBXSourcesBuildPhase;
			buildActionMask = 2147483647;
			files = (
				58A69E5623070B5B00E8D96C /* AudioPlayerOpenAL.cpp in Sources */,
				58A69E5423070B3E00E8D96C /* WavCodec.cpp in Sources */,
				58A69E3B2307071F00E8D96C /* FDPlate.cpp in Sources */,
				58A69E3A2307071F00E8D96C /* FDString.cpp in Sources */,
				58784B3F2280315600D7B9A8 /* main.cpp in Sources */,
			);
			runOnlyForDeploymentPostprocessing = 0;
		};
/* End PBXSourcesBuildPhase section */

/* Begin XCBuildConfiguration section */
		58784B402280315600D7B9A8 /* Debug */ = {
			isa = XCBuildConfiguration;
			buildSettings = {
				ALWAYS_SEARCH_USER_PATHS = NO;
				CLANG_ANALYZER_NONNULL = YES;
				CLANG_ANALYZER_NUMBER_OBJECT_CONVERSION = YES_AGGRESSIVE;
				CLANG_CXX_LANGUAGE_STANDARD = "gnu++14";
				CLANG_CXX_LIBRARY = "libc++";
				CLANG_ENABLE_MODULES = YES;
				CLANG_ENABLE_OBJC_ARC = YES;
				CLANG_WARN_BLOCK_CAPTURE_AUTORELEASING = YES;
				CLANG_WARN_BOOL_CONVERSION = YES;
				CLANG_WARN_COMMA = YES;
				CLANG_WARN_CONSTANT_CONVERSION = YES;
				CLANG_WARN_DIRECT_OBJC_ISA_USAGE = YES_ERROR;
				CLANG_WARN_DOCUMENTATION_COMMENTS = YES;
				CLANG_WARN_EMPTY_BODY = YES;
				CLANG_WARN_ENUM_CONVERSION = YES;
				CLANG_WARN_INFINITE_RECURSION = YES;
				CLANG_WARN_INT_CONVERSION = YES;
				CLANG_WARN_NON_LITERAL_NULL_CONVERSION = YES;
				CLANG_WARN_OBJC_LITERAL_CONVERSION = YES;
				CLANG_WARN_OBJC_ROOT_CLASS = YES_ERROR;
				CLANG_WARN_RANGE_LOOP_ANALYSIS = YES;
				CLANG_WARN_STRICT_PROTOTYPES = YES;
				CLANG_WARN_SUSPICIOUS_MOVE = YES;
				CLANG_WARN_UNGUARDED_AVAILABILITY = YES_AGGRESSIVE;
				CLANG_WARN_UNREACHABLE_CODE = YES;
				CLANG_WARN__DUPLICATE_METHOD_MATCH = YES;
				CODE_SIGN_IDENTITY = "Mac Developer";
				COPY_PHASE_STRIP = NO;
				DEBUG_INFORMATION_FORMAT = dwarf;
				ENABLE_STRICT_OBJC_MSGSEND = YES;
				ENABLE_TESTABILITY = YES;
				GCC_C_LANGUAGE_STANDARD = gnu11;
				GCC_DYNAMIC_NO_PIC = NO;
				GCC_NO_COMMON_BLOCKS = YES;
				GCC_OPTIMIZATION_LEVEL = 0;
				GCC_PREPROCESSOR_DEFINITIONS = (
					"DEBUG=1",
					"$(inherited)",
				);
				GCC_WARN_64_TO_32_BIT_CONVERSION = YES;
				GCC_WARN_ABOUT_RETURN_TYPE = YES_ERROR;
				GCC_WARN_UNDECLARED_SELECTOR = YES;
				GCC_WARN_UNINITIALIZED_AUTOS = YES_AGGRESSIVE;
				GCC_WARN_UNUSED_FUNCTION = YES;
				GCC_WARN_UNUSED_VARIABLE = YES;
				MACOSX_DEPLOYMENT_TARGET = 10.13;
				MTL_ENABLE_DEBUG_INFO = YES;
				ONLY_ACTIVE_ARCH = YES;
				SDKROOT = macosx;
			};
			name = Debug;
		};
		58784B412280315600D7B9A8 /* Release */ = {
			isa = XCBuildConfiguration;
			buildSettings = {
				ALWAYS_SEARCH_USER_PATHS = NO;
				CLANG_ANALYZER_NONNULL = YES;
				CLANG_ANALYZER_NUMBER_OBJECT_CONVERSION = YES_AGGRESSIVE;
				CLANG_CXX_LANGUAGE_STANDARD = "gnu++14";
				CLANG_CXX_LIBRARY = "libc++";
				CLANG_ENABLE_MODULES = YES;
				CLANG_ENABLE_OBJC_ARC = YES;
				CLANG_WARN_BLOCK_CAPTURE_AUTORELEASING = YES;
				CLANG_WARN_BOOL_CONVERSION = YES;
				CLANG_WARN_COMMA = YES;
				CLANG_WARN_CONSTANT_CONVERSION = YES;
				CLANG_WARN_DIRECT_OBJC_ISA_USAGE = YES_ERROR;
				CLANG_WARN_DOCUMENTATION_COMMENTS = YES;
				CLANG_WARN_EMPTY_BODY = YES;
				CLANG_WARN_ENUM_CONVERSION = YES;
				CLANG_WARN_INFINITE_RECURSION = YES;
				CLANG_WARN_INT_CONVERSION = YES;
				CLANG_WARN_NON_LITERAL_NULL_CONVERSION = YES;
				CLANG_WARN_OBJC_LITERAL_CONVERSION = YES;
				CLANG_WARN_OBJC_ROOT_CLASS = YES_ERROR;
				CLANG_WARN_RANGE_LOOP_ANALYSIS = YES;
				CLANG_WARN_STRICT_PROTOTYPES = YES;
				CLANG_WARN_SUSPICIOUS_MOVE = YES;
				CLANG_WARN_UNGUARDED_AVAILABILITY = YES_AGGRESSIVE;
				CLANG_WARN_UNREACHABLE_CODE = YES;
				CLANG_WARN__DUPLICATE_METHOD_MATCH = YES;
				CODE_SIGN_IDENTITY = "Mac Developer";
				COPY_PHASE_STRIP = NO;
				DEBUG_INFORMATION_FORMAT = "dwarf-with-dsym";
				ENABLE_NS_ASSERTIONS = NO;
				ENABLE_STRICT_OBJC_MSGSEND = YES;
				GCC_C_LANGUAGE_STANDARD = gnu11;
				GCC_NO_COMMON_BLOCKS = YES;
				GCC_WARN_64_TO_32_BIT_CONVERSION = YES;
				GCC_WARN_ABOUT_RETURN_TYPE = YES_ERROR;
				GCC_WARN_UNDECLARED_SELECTOR = YES;
				GCC_WARN_UNINITIALIZED_AUTOS = YES_AGGRESSIVE;
				GCC_WARN_UNUSED_FUNCTION = YES;
				GCC_WARN_UNUSED_VARIABLE = YES;
				MACOSX_DEPLOYMENT_TARGET = 10.13;
				MTL_ENABLE_DEBUG_INFO = NO;
				SDKROOT = macosx;
			};
			name = Release;
		};
		58784B432280315600D7B9A8 /* Debug */ = {
			isa = XCBuildConfiguration;
			buildSettings = {
				CODE_SIGN_STYLE = Automatic;
				DEVELOPMENT_TEAM = XZ388CS8AV;
				PRODUCT_NAME = "$(TARGET_NAME)";
			};
			name = Debug;
		};
		58784B442280315600D7B9A8 /* Release */ = {
			isa = XCBuildConfiguration;
			buildSettings = {
				CODE_SIGN_STYLE = Automatic;
				DEVELOPMENT_TEAM = XZ388CS8AV;
				PRODUCT_NAME = "$(TARGET_NAME)";
			};
			name = Release;
		};
/* End XCBuildConfiguration section */

/* Begin XCConfigurationList section */
		58784B362280315500D7B9A8 /* Build configuration list for PBXProject "FD-Class-Example" */ = {
			isa = XCConfigurationList;
			buildConfigurations = (
				58784B402280315600D7B9A8 /* Debug */,
				58784B412280315600D7B9A8 /* Release */,
			);
			defaultConfigurationIsVisible = 0;
			defaultConfigurationName = Release;
		};
		58784B422280315600D7B9A8 /* Build configuration list for PBXNativeTarget "FD-Class-Example" */ = {
			isa = XCConfigurationList;
			buildConfigurations = (
				58784B432280315600D7B9A8 /* Debug */,
				58784B442280315600D7B9A8 /* Release */,
			);
			defaultConfigurationIsVisible = 0;
			defaultConfigurationName = Release;
		};
/* End XCConfigurationList section */
	};
	rootObject = 58784B332280315500D7B9A8 /* Project object */;
}
